<?xml version="1.0" encoding="utf-8"?>
<Project ToolsVersion="4.0" xmlns="http://schemas.microsoft.com/developer/msbuild/2003">
  <ItemGroup>
    <Filter Include="Source Files">
      <UniqueIdentifier>{4FC737F1-C7A5-4376-A066-2A32D752A2FF}</UniqueIdentifier>
      <Extensions>cpp;c;cc;cxx;c++;cppm;ixx;def;odl;idl;hpj;bat;asm;asmx</Extensions>
    </Filter>
    <Filter Include="Header Files">
      <UniqueIdentifier>{93995380-89BD-4b04-88EB-625FBE52EBFB}</UniqueIdentifier>
      <Extensions>h;hh;hpp;hxx;h++;hm;inl;inc;ipp;xsd</Extensions>
    </Filter>
    <Filter Include="Resource Files">
      <UniqueIdentifier>{67DA6AB6-F800-4c08-8B7A-83BB121AAD01}</UniqueIdentifier>
      <Extensions>rc;ico;cur;bmp;dlg;rc2;rct;bin;rgs;gif;jpg;jpeg;jpe;resx;tiff;tif;png;wav;mfcribbon-ms</Extensions>
    </Filter>
    <Filter Include="Header Files\Nodes">
      <UniqueIdentifier>{46ca84b3-7bb0-4c8d-a42f-677044d29842}</UniqueIdentifier>
    </Filter>
    <Filter Include="Header Files\CustomNodes">
      <UniqueIdentifier>{4744ba90-e894-4f49-95ac-ba75e4ea67cd}</UniqueIdentifier>
    </Filter>
  </ItemGroup>
  <ItemGroup>
    <ClInclude Include="BehaviorTree.h">
      <Filter>Header Files</Filter>
    </ClInclude>
    <ClInclude Include="BTBlackboard.h">
      <Filter>Header Files</Filter>
    </ClInclude>
    <ClInclude Include="BTFactory.h">
      <Filter>Header Files</Filter>
    </ClInclude>
    <ClInclude Include="BTInterface.h">
      <Filter>Header Files</Filter>
    </ClInclude>
    <ClInclude Include="BTNode.h">
      <Filter>Header Files</Filter>
    </ClInclude>
    <ClInclude Include="BTNodes.h">
      <Filter>Header Files</Filter>
    </ClInclude>
    <ClInclude Include="Any.h">
      <Filter>Header Files</Filter>
    </ClInclude>
    <ClInclude Include="BTCommon.h">
      <Filter>Header Files</Filter>
    </ClInclude>
    <ClInclude Include="BTFallback.h">
      <Filter>Header Files\Nodes</Filter>
    </ClInclude>
    <ClInclude Include="BTSequence.h">
      <Filter>Header Files\Nodes</Filter>
    </ClInclude>
    <ClInclude Include="BTRandomSequence.h">
      <Filter>Header Files\Nodes</Filter>
    </ClInclude>
    <ClInclude Include="BTAction.h">
      <Filter>Header Files\Nodes</Filter>
    </ClInclude>
    <ClInclude Include="BTCondition.h">
      <Filter>Header Files\Nodes</Filter>
    </ClInclude>
    <ClInclude Include="BTTimer.h">
      <Filter>Header Files\Nodes</Filter>
    </ClInclude>
    <ClInclude Include="BTDecorator.h">
      <Filter>Header Files\Nodes</Filter>
    </ClInclude>
    <ClInclude Include="BTInverter.h">
      <Filter>Header Files\Nodes</Filter>
    </ClInclude>
    <ClInclude Include="BTParallel.h">
      <Filter>Header Files\Nodes</Filter>
    </ClInclude>
    <ClInclude Include="StoreValueNode.h">
      <Filter>Header Files\CustomNodes</Filter>
    </ClInclude>
  </ItemGroup>
  <ItemGroup>
    <ClCompile Include="BTBlackboard.cpp">
      <Filter>Source Files</Filter>
    </ClCompile>
    <ClCompile Include="BTNodes.cpp">
      <Filter>Source Files</Filter>
    </ClCompile>
    <ClCompile Include="main.cpp">
      <Filter>Source Files</Filter>
    </ClCompile>
    <ClCompile Include="Any.cpp">
      <Filter>Source Files</Filter>
    </ClCompile>
    <ClCompile Include="BTFactory.cpp">
      <Filter>Source Files</Filter>
    </ClCompile>
  </ItemGroup>
</Project>